
Microsoft Visual Studio Solution File, Format Version 12.00
# Visual Studio Version 17
VisualStudioVersion = 17.6.33723.286
MinimumVisualStudioVersion = 10.0.40219.1
Project("{FAE04EC0-301F-11D3-BF4B-00C04F79EFBC}") = "Hangman", "Hangman\Hangman.csproj", "{5D662911-AE1B-4060-83A4-A8718E6E5ABD}"
EndProject
Global
	GlobalSection(SolutionConfigurationPlatforms) = preSolution
		Debug|Any CPU = Debug|Any CPU
		Release|Any CPU = Release|Any CPU
	EndGlobalSection
	GlobalSection(ProjectConfigurationPlatforms) = postSolution
		{5D662911-AE1B-4060-83A4-A8718E6E5ABD}.Debug|Any CPU.ActiveCfg = Debug|Any CPU
		{5D662911-AE1B-4060-83A4-A8718E6E5ABD}.Debug|Any CPU.Build.0 = Debug|Any CPU
		{5D662911-AE1B-4060-83A4-A8718E6E5ABD}.Release|Any CPU.ActiveCfg = Release|Any CPU
		{5D662911-AE1B-4060-83A4-A8718E6E5ABD}.Release|Any CPU.Build.0 = Release|Any CPU
	EndGlobalSection
	GlobalSection(SolutionProperties) = preSolution
		HideSolutionNode = FALSE
	EndGlobalSection
	GlobalSection(ExtensibilityGlobals) = postSolution
		SolutionGuid = {A83C739A-2D8F-4FD0-A75D-546A2EE7422A}
	EndGlobalSection
EndGlobal
